<Solution>
  <Project Path="SketchMind.API/SketchMind.API.csproj" />
  <Project Path="SketchMind.Application/SketchMind.Application.csproj" />
  <Project Path="SketchMind.Common/SketchMind.Common.csproj" Id="efb0f4a6-4035-4c42-b9be-94185a64266d" />
  <Project Path="SketchMind.Domain/SketchMind.Domain.csproj" />
  <Project Path="SketchMind.Infrastructure/SketchMind.Infrastructure.csproj" />
</Solution>
